
Microsoft Visual Studio Solution File, Format Version 12.00
# Visual Studio 14
VisualStudioVersion = 14.0.25420.1
MinimumVisualStudioVersion = 10.0.40219.1
Project("{FAE04EC0-301F-11D3-BF4B-00C04F79EFBC}") = "CrackProblem", "CrackProblem\CrackProblem.csproj", "{FC9FD162-671C-44BE-AB88-5D720A421740}"
EndProject
Global
	GlobalSection(SolutionConfigurationPlatforms) = preSolution
		Debug|Any CPU = Debug|Any CPU
		Release|Any CPU = Release|Any CPU
	EndGlobalSection
	GlobalSection(ProjectConfigurationPlatforms) = postSolution
		{FC9FD162-671C-44BE-AB88-5D720A421740}.Debug|Any CPU.ActiveCfg = Debug|Any CPU
		{FC9FD162-671C-44BE-AB88-5D720A421740}.Debug|Any CPU.Build.0 = Debug|Any CPU
		{FC9FD162-671C-44BE-AB88-5D720A421740}.Release|Any CPU.ActiveCfg = Release|Any CPU
		{FC9FD162-671C-44BE-AB88-5D720A421740}.Release|Any CPU.Build.0 = Release|Any CPU
	EndGlobalSection
	GlobalSection(SolutionProperties) = preSolution
		HideSolutionNode = FALSE
	EndGlobalSection
EndGlobal
